
Microsoft Visual Studio Solution File, Format Version 12.00
# Visual Studio 15
VisualStudioVersion = 15.0.27130.2027
MinimumVisualStudioVersion = 10.0.40219.1
Project("{2150E333-8FDC-42A3-9474-1A3956D46DE8}") = "Solution Items", "Solution Items", "{6602063C-2D61-474F-B7DB-0D7CD170E97F}"
	ProjectSection(SolutionItems) = preProject
		.dockerignore = .dockerignore
		.gitignore = .gitignore
		.travis.yml = .travis.yml
		codecov.yml = codecov.yml
		docker-compose.test.yml = docker-compose.test.yml
		Dockerfile.test = Dockerfile.test
		Dockerfile.test.build = Dockerfile.test.build
		Dockerfile.test.build.sh = Dockerfile.test.build.sh
	EndProjectSection
EndProject
Project("{9A19103F-16F7-4668-BE54-9A1E7A4F7556}") = "Com.Anqa.Service.Core.WebApi", "Com.Anqa.Service.Core.WebApi\Com.Anqa.Service.Core.WebApi.csproj", "{C76BA2B5-078A-4F88-B74F-4FEBC68E62AE}"
EndProject
Project("{9A19103F-16F7-4668-BE54-9A1E7A4F7556}") = "Com.Anqa.Service.Core.Test", "Com.Anqa.Service.Core.Test\Com.Anqa.Service.Core.Test.csproj", "{A7C7D618-0DCB-49CA-B781-213C1023EE60}"
EndProject
Project("{9A19103F-16F7-4668-BE54-9A1E7A4F7556}") = "Com.Anqa.Service.Core.Lib", "Com.Anqa.Service.Core.Lib\Com.Anqa.Service.Core.Lib.csproj", "{E97AF398-E6F5-48D7-A13E-736906592866}"
EndProject
Global
	GlobalSection(SolutionConfigurationPlatforms) = preSolution
		Debug|Any CPU = Debug|Any CPU
		Release|Any CPU = Release|Any CPU
	EndGlobalSection
	GlobalSection(ProjectConfigurationPlatforms) = postSolution
		{C76BA2B5-078A-4F88-B74F-4FEBC68E62AE}.Debug|Any CPU.ActiveCfg = Debug|Any CPU
		{C76BA2B5-078A-4F88-B74F-4FEBC68E62AE}.Debug|Any CPU.Build.0 = Debug|Any CPU
		{C76BA2B5-078A-4F88-B74F-4FEBC68E62AE}.Release|Any CPU.ActiveCfg = Release|Any CPU
		{C76BA2B5-078A-4F88-B74F-4FEBC68E62AE}.Release|Any CPU.Build.0 = Release|Any CPU
		{A7C7D618-0DCB-49CA-B781-213C1023EE60}.Debug|Any CPU.ActiveCfg = Debug|Any CPU
		{A7C7D618-0DCB-49CA-B781-213C1023EE60}.Debug|Any CPU.Build.0 = Debug|Any CPU
		{A7C7D618-0DCB-49CA-B781-213C1023EE60}.Release|Any CPU.ActiveCfg = Release|Any CPU
		{A7C7D618-0DCB-49CA-B781-213C1023EE60}.Release|Any CPU.Build.0 = Release|Any CPU
		{E97AF398-E6F5-48D7-A13E-736906592866}.Debug|Any CPU.ActiveCfg = Debug|Any CPU
		{E97AF398-E6F5-48D7-A13E-736906592866}.Debug|Any CPU.Build.0 = Debug|Any CPU
		{E97AF398-E6F5-48D7-A13E-736906592866}.Release|Any CPU.ActiveCfg = Release|Any CPU
		{E97AF398-E6F5-48D7-A13E-736906592866}.Release|Any CPU.Build.0 = Release|Any CPU
	EndGlobalSection
	GlobalSection(SolutionProperties) = preSolution
		HideSolutionNode = FALSE
	EndGlobalSection
	GlobalSection(ExtensibilityGlobals) = postSolution
		SolutionGuid = {EDFF2F27-27DC-4EB6-98CB-FC3A8B48285A}
	EndGlobalSection
EndGlobal
